# THIS IS AN AUTOGENERATED FILE. DO NOT EDIT THIS FILE DIRECTLY.
# yarn lockfile v1


"@cuillere/core@^0.0.1":
  version "0.0.1"
  resolved "https://registry.yarnpkg.com/@cuillere/core/-/core-0.0.1.tgz#d4a90f6e595e23834100d769bc9f44b1058653e2"
  integrity sha512-xJtkM37HIeOhwRTe56rg9hRBeBtnv9fM+gsCqfleJ/cLxsx5Q1LAZzyH9E06T9ov+xKBalNZrfZDMCkqF6n6MQ==
